Microsoft Visual Studio Solution File, Format Version 12.00
# Visual Studio 15
VisualStudioVersion = 15.0.26430.14
MinimumVisualStudioVersion = 10.0.40219.1
Project("{FAE04EC0-301F-11D3-BF4B-00C04F79EFBC}") = "SwaggerPetstore.Standard", "SwaggerPetstore.Standard/SwaggerPetstore.Standard.csproj", "{2e9770ac-6acf-4ef8-a539-c8efff38937a}"
EndProject
Global
    GlobalSection(SolutionConfigurationPlatforms) = preSolution
        Debug|Any CPU = Debug|Any CPU
        Release|Any CPU = Release|Any CPU
    EndGlobalSection
    GlobalSection(ProjectConfigurationPlatforms) = postSolution
        {2e9770ac-6acf-4ef8-a539-c8efff38937a}.Debug|Any CPU.ActiveCfg = Debug|Any CPU
        {2e9770ac-6acf-4ef8-a539-c8efff38937a}.Debug|Any CPU.Build.0 = Debug|Any CPU
        {2e9770ac-6acf-4ef8-a539-c8efff38937a}.Release|Any CPU.ActiveCfg = Release|Any CPU
        {2e9770ac-6acf-4ef8-a539-c8efff38937a}.Release|Any CPU.Build.0 = Release|Any CPU
    EndGlobalSection
    GlobalSection(SolutionProperties) = preSolution
        HideSolutionNode = FALSE
    EndGlobalSection
EndGlobal
